
Microsoft Visual Studio Solution File, Format Version 12.00
# Visual Studio Version 17
VisualStudioVersion = 17.2.32616.157
MinimumVisualStudioVersion = 10.0.40219.1
Project("{FAE04EC0-301F-11D3-BF4B-00C04F79EFBC}") = "0 Positief of Negatief", "0 Positief of Negatief\0 Positief of Negatief.csproj", "{B9819FDF-8A32-4C7C-9071-BFD5A94F750A}"
EndProject
Project("{FAE04EC0-301F-11D3-BF4B-00C04F79EFBC}") = "1 Verschil Berekenen", "1 Verschil Berekenen\1 Verschil Berekenen.csproj", "{CEF38679-F172-45CB-9812-12267FDE65B6}"
EndProject
Project("{FAE04EC0-301F-11D3-BF4B-00C04F79EFBC}") = "2 Deling", "2 Deling\2 Deling.csproj", "{D974BDD6-6AC2-45FE-AA13-6A05B9743DC8}"
EndProject
Project("{FAE04EC0-301F-11D3-BF4B-00C04F79EFBC}") = "3 Leeftijdsgroep", "3 Leeftijdsgroep\3 Leeftijdsgroep.csproj", "{0D630C6D-C99B-45F5-ABC0-450B691A29A3}"
EndProject
Project("{FAE04EC0-301F-11D3-BF4B-00C04F79EFBC}") = "4 Deelbaar Door 5 en 11", "4 Deelbaar Door 5 en 11\4 Deelbaar Door 5 en 11.csproj", "{D21BD2E2-3645-4BC2-BDEA-72258B0B8DF2}"
EndProject
Project("{FAE04EC0-301F-11D3-BF4B-00C04F79EFBC}") = "5 Boogschieten", "5 Boogschieten\5 Boogschieten.csproj", "{5171B9E3-1999-4A40-B8E7-A9D1F78E7B03}"
EndProject
Project("{FAE04EC0-301F-11D3-BF4B-00C04F79EFBC}") = "6 Gemiddelde", "6 Gemiddelde\6 Gemiddelde.csproj", "{A1043952-5819-45AC-A79C-5FEB9DBAF80D}"
EndProject
Project("{FAE04EC0-301F-11D3-BF4B-00C04F79EFBC}") = "7 Kleinste Getal", "7 Kleinste Getal\7 Kleinste Getal.csproj", "{B053ABF6-DA86-4C49-8E4B-E072C16B59C2}"
EndProject
Project("{FAE04EC0-301F-11D3-BF4B-00C04F79EFBC}") = "8 Wisselkoers Bepalen", "8 Wisselkoers Bepalen\8 Wisselkoers Bepalen.csproj", "{938698B0-DC1D-49E4-81B9-02215F9BCD1C}"
EndProject
Project("{FAE04EC0-301F-11D3-BF4B-00C04F79EFBC}") = "9 Korting", "9 Korting\9 Korting.csproj", "{345C3843-4E45-404F-A6D7-81FC6C85A7F6}"
EndProject
Project("{FAE04EC0-301F-11D3-BF4B-00C04F79EFBC}") = "10 BTW", "10 BTW\10 BTW.csproj", "{143253B6-64AB-4156-B200-051F273AE163}"
EndProject
Global
	GlobalSection(SolutionConfigurationPlatforms) = preSolution
		Debug|Any CPU = Debug|Any CPU
		Release|Any CPU = Release|Any CPU
	EndGlobalSection
	GlobalSection(ProjectConfigurationPlatforms) = postSolution
		{B9819FDF-8A32-4C7C-9071-BFD5A94F750A}.Debug|Any CPU.ActiveCfg = Debug|Any CPU
		{B9819FDF-8A32-4C7C-9071-BFD5A94F750A}.Debug|Any CPU.Build.0 = Debug|Any CPU
		{B9819FDF-8A32-4C7C-9071-BFD5A94F750A}.Release|Any CPU.ActiveCfg = Release|Any CPU
		{B9819FDF-8A32-4C7C-9071-BFD5A94F750A}.Release|Any CPU.Build.0 = Release|Any CPU
		{CEF38679-F172-45CB-9812-12267FDE65B6}.Debug|Any CPU.ActiveCfg = Debug|Any CPU
		{CEF38679-F172-45CB-9812-12267FDE65B6}.Debug|Any CPU.Build.0 = Debug|Any CPU
		{CEF38679-F172-45CB-9812-12267FDE65B6}.Release|Any CPU.ActiveCfg = Release|Any CPU
		{CEF38679-F172-45CB-9812-12267FDE65B6}.Release|Any CPU.Build.0 = Release|Any CPU
		{D974BDD6-6AC2-45FE-AA13-6A05B9743DC8}.Debug|Any CPU.ActiveCfg = Debug|Any CPU
		{D974BDD6-6AC2-45FE-AA13-6A05B9743DC8}.Debug|Any CPU.Build.0 = Debug|Any CPU
		{D974BDD6-6AC2-45FE-AA13-6A05B9743DC8}.Release|Any CPU.ActiveCfg = Release|Any CPU
		{D974BDD6-6AC2-45FE-AA13-6A05B9743DC8}.Release|Any CPU.Build.0 = Release|Any CPU
		{0D630C6D-C99B-45F5-ABC0-450B691A29A3}.Debug|Any CPU.ActiveCfg = Debug|Any CPU
		{0D630C6D-C99B-45F5-ABC0-450B691A29A3}.Debug|Any CPU.Build.0 = Debug|Any CPU
		{0D630C6D-C99B-45F5-ABC0-450B691A29A3}.Release|Any CPU.ActiveCfg = Release|Any CPU
		{0D630C6D-C99B-45F5-ABC0-450B691A29A3}.Release|Any CPU.Build.0 = Release|Any CPU
		{D21BD2E2-3645-4BC2-BDEA-72258B0B8DF2}.Debug|Any CPU.ActiveCfg = Debug|Any CPU
		{D21BD2E2-3645-4BC2-BDEA-72258B0B8DF2}.Debug|Any CPU.Build.0 = Debug|Any CPU
		{D21BD2E2-3645-4BC2-BDEA-72258B0B8DF2}.Release|Any CPU.ActiveCfg = Release|Any CPU
		{D21BD2E2-3645-4BC2-BDEA-72258B0B8DF2}.Release|Any CPU.Build.0 = Release|Any CPU
		{5171B9E3-1999-4A40-B8E7-A9D1F78E7B03}.Debug|Any CPU.ActiveCfg = Debug|Any CPU
		{5171B9E3-1999-4A40-B8E7-A9D1F78E7B03}.Debug|Any CPU.Build.0 = Debug|Any CPU
		{5171B9E3-1999-4A40-B8E7-A9D1F78E7B03}.Release|Any CPU.ActiveCfg = Release|Any CPU
		{5171B9E3-1999-4A40-B8E7-A9D1F78E7B03}.Release|Any CPU.Build.0 = Release|Any CPU
		{A1043952-5819-45AC-A79C-5FEB9DBAF80D}.Debug|Any CPU.ActiveCfg = Debug|Any CPU
		{A1043952-5819-45AC-A79C-5FEB9DBAF80D}.Debug|Any CPU.Build.0 = Debug|Any CPU
		{A1043952-5819-45AC-A79C-5FEB9DBAF80D}.Release|Any CPU.ActiveCfg = Release|Any CPU
		{A1043952-5819-45AC-A79C-5FEB9DBAF80D}.Release|Any CPU.Build.0 = Release|Any CPU
		{B053ABF6-DA86-4C49-8E4B-E072C16B59C2}.Debug|Any CPU.ActiveCfg = Debug|Any CPU
		{B053ABF6-DA86-4C49-8E4B-E072C16B59C2}.Debug|Any CPU.Build.0 = Debug|Any CPU
		{B053ABF6-DA86-4C49-8E4B-E072C16B59C2}.Release|Any CPU.ActiveCfg = Release|Any CPU
		{B053ABF6-DA86-4C49-8E4B-E072C16B59C2}.Release|Any CPU.Build.0 = Release|Any CPU
		{938698B0-DC1D-49E4-81B9-02215F9BCD1C}.Debug|Any CPU.ActiveCfg = Debug|Any CPU
		{938698B0-DC1D-49E4-81B9-02215F9BCD1C}.Debug|Any CPU.Build.0 = Debug|Any CPU
		{938698B0-DC1D-49E4-81B9-02215F9BCD1C}.Release|Any CPU.ActiveCfg = Release|Any CPU
		{938698B0-DC1D-49E4-81B9-02215F9BCD1C}.Release|Any CPU.Build.0 = Release|Any CPU
		{345C3843-4E45-404F-A6D7-81FC6C85A7F6}.Debug|Any CPU.ActiveCfg = Debug|Any CPU
		{345C3843-4E45-404F-A6D7-81FC6C85A7F6}.Debug|Any CPU.Build.0 = Debug|Any CPU
		{345C3843-4E45-404F-A6D7-81FC6C85A7F6}.Release|Any CPU.ActiveCfg = Release|Any CPU
		{345C3843-4E45-404F-A6D7-81FC6C85A7F6}.Release|Any CPU.Build.0 = Release|Any CPU
		{143253B6-64AB-4156-B200-051F273AE163}.Debug|Any CPU.ActiveCfg = Debug|Any CPU
		{143253B6-64AB-4156-B200-051F273AE163}.Debug|Any CPU.Build.0 = Debug|Any CPU
		{143253B6-64AB-4156-B200-051F273AE163}.Release|Any CPU.ActiveCfg = Release|Any CPU
		{143253B6-64AB-4156-B200-051F273AE163}.Release|Any CPU.Build.0 = Release|Any CPU
	EndGlobalSection
	GlobalSection(SolutionProperties) = preSolution
		HideSolutionNode = FALSE
	EndGlobalSection
	GlobalSection(ExtensibilityGlobals) = postSolution
		SolutionGuid = {F46869DB-3E0B-42E2-9B3E-15244E67CED9}
	EndGlobalSection
EndGlobal
